// !$*UTF8*$!
{
	archiveVersion = 1;
	classes = {
	};
	objectVersion = 45;
	objects = {

/* Begin PBXBuildFile section */
		00CFDF6B1138442D0091E310 /* CoreGraphics.framework in Frameworks */ = {isa = PBXBuildFile; fileRef = 00CFDF6A1138442D0091E310 /* CoreGraphics.framework */; };
		00CFDFE011384CC60091E310 /* SoundPathApp.mm in Sources */ = {isa = PBXBuildFile; fileRef = 00CFDFDF11384CC60091E310 /* SoundPathApp.mm */; };
		00EB53F013E250DA006BF8E7 /* AudioToolbox.framework in Frameworks */ = {isa = PBXBuildFile; fileRef = 00EB53EF13E250DA006BF8E7 /* AudioToolbox.framework */; };
		00EB543F13E25352006BF8E7 /* CoreText.framework in Frameworks */ = {isa = PBXBuildFile; fileRef = 00EB543E13E25352006BF8E7 /* CoreText.framework */; };
		00EB544113E25367006BF8E7 /* libz.dylib in Frameworks */ = {isa = PBXBuildFile; fileRef = 00EB544013E25367006BF8E7 /* libz.dylib */; };
		1D60589F0D05DD5A006BFB54 /* Foundation.framework in Frameworks */ = {isa = PBXBuildFile; fileRef = 1D30AB110D05D00D00671497 /* Foundation.framework */; };
		1DF5F4E00D08C38300B7A737 /* UIKit.framework in Frameworks */ = {isa = PBXBuildFile; fileRef = 1DF5F4DF0D08C38300B7A737 /* UIKit.framework */; };
		28FD15000DC6FC520079059D /* OpenGLES.framework in Frameworks */ = {isa = PBXBuildFile; fileRef = 28FD14FF0DC6FC520079059D /* OpenGLES.framework */; };
		28FD15080DC6FC5B0079059D /* QuartzCore.framework in Frameworks */ = {isa = PBXBuildFile; fileRef = 28FD15070DC6FC5B0079059D /* QuartzCore.framework */; };
		43CD9799123D6504003B628E /* Icon.png in Resources */ = {isa = PBXBuildFile; fileRef = 43CD9798123D6504003B628E /* Icon.png */; };
		67ECF438163C5B5900CA4A49 /* AddressBook.framework in Frameworks */ = {isa = PBXBuildFile; fileRef = 67ECF436163C5B5900CA4A49 /* AddressBook.framework */; settings = {ATTRIBUTES = (Weak, ); }; };
		67ECF439163C5B5900CA4A49 /* AdSupport.framework in Frameworks */ = {isa = PBXBuildFile; fileRef = 67ECF437163C5B5900CA4A49 /* AdSupport.framework */; settings = {ATTRIBUTES = (Weak, ); }; };
		67ECF43B163C5B9C00CA4A49 /* Social.framework in Frameworks */ = {isa = PBXBuildFile; fileRef = 67ECF43A163C5B9C00CA4A49 /* Social.framework */; settings = {ATTRIBUTES = (Weak, ); }; };
		67ECF43D163C5BE000CA4A49 /* FacebookSDKResources.bundle in Resources */ = {isa = PBXBuildFile; fileRef = 67ECF43C163C5BE000CA4A49 /* FacebookSDKResources.bundle */; };
		67ECF43E163C5CBD00CA4A49 /* libfacebook_ios_sdk.a in Frameworks */ = {isa = PBXBuildFile; fileRef = 67ECF430163C5B3700CA4A49 /* libfacebook_ios_sdk.a */; };
		B30CB1EC163C494300A25046 /* Action.cpp in Sources */ = {isa = PBXBuildFile; fileRef = B30CB1D9163C494300A25046 /* Action.cpp */; settings = {COMPILER_FLAGS = "-fno-objc-arc"; }; };
		B30CB1ED163C494300A25046 /* Configuration.cpp in Sources */ = {isa = PBXBuildFile; fileRef = B30CB1DB163C494300A25046 /* Configuration.cpp */; settings = {COMPILER_FLAGS = "-fno-objc-arc"; }; };
		B30CB1EE163C494300A25046 /* Connection.cpp in Sources */ = {isa = PBXBuildFile; fileRef = B30CB1DD163C494300A25046 /* Connection.cpp */; settings = {COMPILER_FLAGS = "-fno-objc-arc"; }; };
		B30CB1EF163C494300A25046 /* Defaults.cpp in Sources */ = {isa = PBXBuildFile; fileRef = B30CB1DF163C494300A25046 /* Defaults.cpp */; settings = {COMPILER_FLAGS = "-fno-objc-arc"; }; };
		B30CB1F0163C494300A25046 /* Edge.cpp in Sources */ = {isa = PBXBuildFile; fileRef = B30CB1E1163C494300A25046 /* Edge.cpp */; settings = {COMPILER_FLAGS = "-fno-objc-arc"; }; };
		B30CB1F1163C494300A25046 /* Graph.cpp in Sources */ = {isa = PBXBuildFile; fileRef = B30CB1E3163C494300A25046 /* Graph.cpp */; settings = {COMPILER_FLAGS = "-fno-objc-arc"; }; };
		B30CB1F2163C494300A25046 /* I18N.cpp in Sources */ = {isa = PBXBuildFile; fileRef = B30CB1E5163C494300A25046 /* I18N.cpp */; settings = {COMPILER_FLAGS = "-fno-objc-arc"; }; };
		B30CB1F3163C494300A25046 /* Node.cpp in Sources */ = {isa = PBXBuildFile; fileRef = B30CB1E7163C494300A25046 /* Node.cpp */; settings = {COMPILER_FLAGS = "-fno-objc-arc"; }; };
		B30CB1F4163C494300A25046 /* Tooltip.cpp in Sources */ = {isa = PBXBuildFile; fileRef = B30CB1EA163C494300A25046 /* Tooltip.cpp */; settings = {COMPILER_FLAGS = "-fno-objc-arc"; }; };
		B30CB232163C499700A25046 /* bd_related.png in Resources */ = {isa = PBXBuildFile; fileRef = B30CB1F6163C499700A25046 /* bd_related.png */; };
		B30CB233163C499700A25046 /* bd_related@2x.png in Resources */ = {isa = PBXBuildFile; fileRef = B30CB1F7163C499700A25046 /* bd_related@2x.png */; };
		B30CB234163C499700A25046 /* bg_content.png in Resources */ = {isa = PBXBuildFile; fileRef = B30CB1F8163C499700A25046 /* bg_content.png */; };
		B30CB235163C499700A25046 /* bg_content@2x.png in Resources */ = {isa = PBXBuildFile; fileRef = B30CB1F9163C499700A25046 /* bg_content@2x.png */; };
		B30CB236163C499700A25046 /* bg_graph.png in Resources */ = {isa = PBXBuildFile; fileRef = B30CB1FA163C499700A25046 /* bg_graph.png */; };
		B30CB237163C499700A25046 /* bg_graph@2x.png in Resources */ = {isa = PBXBuildFile; fileRef = B30CB1FB163C499700A25046 /* bg_graph@2x.png */; };
		B30CB238163C499700A25046 /* bg_graph_redux.png in Resources */ = {isa = PBXBuildFile; fileRef = B30CB1FC163C499700A25046 /* bg_graph_redux.png */; };
		B30CB239163C499700A25046 /* bg_graph_redux@2x.png in Resources */ = {isa = PBXBuildFile; fileRef = B30CB1FD163C499700A25046 /* bg_graph_redux@2x.png */; };
		B30CB23A163C499700A25046 /* bg_settings.png in Resources */ = {isa = PBXBuildFile; fileRef = B30CB1FE163C499700A25046 /* bg_settings.png */; };
		B30CB23B163C499700A25046 /* bg_settings@2x.png in Resources */ = {isa = PBXBuildFile; fileRef = B30CB1FF163C499700A25046 /* bg_settings@2x.png */; };
		B30CB23C163C499700A25046 /* bg_transparent.png in Resources */ = {isa = PBXBuildFile; fileRef = B30CB200163C499700A25046 /* bg_transparent.png */; };
		B30CB23D163C499700A25046 /* node_action_close.png in Resources */ = {isa = PBXBuildFile; fileRef = B30CB201163C499700A25046 /* node_action_close.png */; };
		B30CB23E163C499700A25046 /* node_action_close@2x.png in Resources */ = {isa = PBXBuildFile; fileRef = B30CB202163C499700A25046 /* node_action_close@2x.png */; };
		B30CB23F163C499700A25046 /* node_action_info.png in Resources */ = {isa = PBXBuildFile; fileRef = B30CB203163C499700A25046 /* node_action_info.png */; };
		B30CB240163C499700A25046 /* node_action_info@2x.png in Resources */ = {isa = PBXBuildFile; fileRef = B30CB204163C499700A25046 /* node_action_info@2x.png */; };
		B30CB241163C499700A25046 /* node_action_related.png in Resources */ = {isa = PBXBuildFile; fileRef = B30CB205163C499700A25046 /* node_action_related.png */; };
		B30CB242163C499700A25046 /* node_action_related@2x.png in Resources */ = {isa = PBXBuildFile; fileRef = B30CB206163C499700A25046 /* node_action_related@2x.png */; };
		B30CB243163C499700A25046 /* node_crew.png in Resources */ = {isa = PBXBuildFile; fileRef = B30CB207163C499700A25046 /* node_crew.png */; };
		B30CB244163C499700A25046 /* node_crew@2x.png in Resources */ = {isa = PBXBuildFile; fileRef = B30CB208163C499700A25046 /* node_crew@2x.png */; };
		B30CB245163C499700A25046 /* node_crew_core.png in Resources */ = {isa = PBXBuildFile; fileRef = B30CB209163C499700A25046 /* node_crew_core.png */; };
		B30CB246163C499700A25046 /* node_crew_core@2x.png in Resources */ = {isa = PBXBuildFile; fileRef = B30CB20A163C499700A25046 /* node_crew_core@2x.png */; };
		B30CB247163C499700A25046 /* node_crew_glow.png in Resources */ = {isa = PBXBuildFile; fileRef = B30CB20B163C499700A25046 /* node_crew_glow.png */; };
		B30CB248163C499700A25046 /* node_crew_glow@2x.png in Resources */ = {isa = PBXBuildFile; fileRef = B30CB20C163C499700A25046 /* node_crew_glow@2x.png */; };
		B30CB249163C499700A25046 /* node_movie.png in Resources */ = {isa = PBXBuildFile; fileRef = B30CB20D163C499700A25046 /* node_movie.png */; };
		B30CB24A163C499700A25046 /* node_movie@2x.png in Resources */ = {isa = PBXBuildFile; fileRef = B30CB20E163C499700A25046 /* node_movie@2x.png */; };
		B30CB24B163C499700A25046 /* node_movie_core.png in Resources */ = {isa = PBXBuildFile; fileRef = B30CB20F163C499700A25046 /* node_movie_core.png */; };
		B30CB24C163C499700A25046 /* node_movie_core@2x.png in Resources */ = {isa = PBXBuildFile; fileRef = B30CB210163C499700A25046 /* node_movie_core@2x.png */; };
		B30CB24D163C499700A25046 /* node_movie_core_creativity.png in Resources */ = {isa = PBXBuildFile; fileRef = B30CB211163C499700A25046 /* node_movie_core_creativity.png */; };
		B30CB24E163C499700A25046 /* node_movie_core_creativity@2x.png in Resources */ = {isa = PBXBuildFile; fileRef = B30CB212163C499700A25046 /* node_movie_core_creativity@2x.png */; };
		B30CB24F163C499700A25046 /* node_movie_core_entertainment.png in Resources */ = {isa = PBXBuildFile; fileRef = B30CB213163C499700A25046 /* node_movie_core_entertainment.png */; };
		B30CB250163C499700A25046 /* node_movie_core_entertainment@2x.png in Resources */ = {isa = PBXBuildFile; fileRef = B30CB214163C499700A25046 /* node_movie_core_entertainment@2x.png */; };
		B30CB251163C499700A25046 /* node_movie_core_happiness.png in Resources */ = {isa = PBXBuildFile; fileRef = B30CB215163C499700A25046 /* node_movie_core_happiness.png */; };
		B30CB252163C499700A25046 /* node_movie_core_happiness@2x.png in Resources */ = {isa = PBXBuildFile; fileRef = B30CB216163C499700A25046 /* node_movie_core_happiness@2x.png */; };
		B30CB253163C499700A25046 /* node_movie_core_natural.png in Resources */ = {isa = PBXBuildFile; fileRef = B30CB217163C499700A25046 /* node_movie_core_natural.png */; };
		B30CB254163C499700A25046 /* node_movie_core_natural@2x.png in Resources */ = {isa = PBXBuildFile; fileRef = B30CB218163C499700A25046 /* node_movie_core_natural@2x.png */; };
		B30CB255163C499700A25046 /* node_movie_core_passion.png in Resources */ = {isa = PBXBuildFile; fileRef = B30CB219163C499700A25046 /* node_movie_core_passion.png */; };
		B30CB256163C499700A25046 /* node_movie_core_passion@2x.png in Resources */ = {isa = PBXBuildFile; fileRef = B30CB21A163C499700A25046 /* node_movie_core_passion@2x.png */; };
		B30CB257163C499700A25046 /* node_movie_core_violence.png in Resources */ = {isa = PBXBuildFile; fileRef = B30CB21B163C499700A25046 /* node_movie_core_violence.png */; };
		B30CB258163C499700A25046 /* node_movie_core_violence@2x.png in Resources */ = {isa = PBXBuildFile; fileRef = B30CB21C163C499700A25046 /* node_movie_core_violence@2x.png */; };
		B30CB259163C499700A25046 /* node_movie_glow.png in Resources */ = {isa = PBXBuildFile; fileRef = B30CB21D163C499700A25046 /* node_movie_glow.png */; };
		B30CB25A163C499700A25046 /* node_movie_glow@2x.png in Resources */ = {isa = PBXBuildFile; fileRef = B30CB21E163C499700A25046 /* node_movie_glow@2x.png */; };
		B30CB25B163C499700A25046 /* node_movie_glow_creativity.png in Resources */ = {isa = PBXBuildFile; fileRef = B30CB21F163C499700A25046 /* node_movie_glow_creativity.png */; };
		B30CB25C163C499700A25046 /* node_movie_glow_creativity@2x.png in Resources */ = {isa = PBXBuildFile; fileRef = B30CB220163C499700A25046 /* node_movie_glow_creativity@2x.png */; };
		B30CB25D163C499700A25046 /* node_movie_glow_entertainment.png in Resources */ = {isa = PBXBuildFile; fileRef = B30CB221163C499700A25046 /* node_movie_glow_entertainment.png */; };
		B30CB25E163C499700A25046 /* node_movie_glow_entertainment@2x.png in Resources */ = {isa = PBXBuildFile; fileRef = B30CB222163C499700A25046 /* node_movie_glow_entertainment@2x.png */; };
		B30CB25F163C499700A25046 /* node_movie_glow_happiness.png in Resources */ = {isa = PBXBuildFile; fileRef = B30CB223163C499700A25046 /* node_movie_glow_happiness.png */; };
		B30CB260163C499700A25046 /* node_movie_glow_happiness@2x.png in Resources */ = {isa = PBXBuildFile; fileRef = B30CB224163C499700A25046 /* node_movie_glow_happiness@2x.png */; };
		B30CB261163C499700A25046 /* node_movie_glow_natural.png in Resources */ = {isa = PBXBuildFile; fileRef = B30CB225163C499700A25046 /* node_movie_glow_natural.png */; };
		B30CB262163C499700A25046 /* node_movie_glow_natural@2x.png in Resources */ = {isa = PBXBuildFile; fileRef = B30CB226163C499700A25046 /* node_movie_glow_natural@2x.png */; };
		B30CB263163C499700A25046 /* node_movie_glow_passion.png in Resources */ = {isa = PBXBuildFile; fileRef = B30CB227163C499700A25046 /* node_movie_glow_passion.png */; };
		B30CB264163C499700A25046 /* node_movie_glow_passion@2x.png in Resources */ = {isa = PBXBuildFile; fileRef = B30CB228163C499700A25046 /* node_movie_glow_passion@2x.png */; };
		B30CB265163C499700A25046 /* node_movie_glow_violence.png in Resources */ = {isa = PBXBuildFile; fileRef = B30CB229163C499700A25046 /* node_movie_glow_violence.png */; };
		B30CB266163C499700A25046 /* node_movie_glow_violence@2x.png in Resources */ = {isa = PBXBuildFile; fileRef = B30CB22A163C499700A25046 /* node_movie_glow_violence@2x.png */; };
		B30CB267163C499700A25046 /* node_person.png in Resources */ = {isa = PBXBuildFile; fileRef = B30CB22B163C499700A25046 /* node_person.png */; };
		B30CB268163C499700A25046 /* node_person@2x.png in Resources */ = {isa = PBXBuildFile; fileRef = B30CB22C163C499700A25046 /* node_person@2x.png */; };
		B30CB269163C499700A25046 /* node_person_core.png in Resources */ = {isa = PBXBuildFile; fileRef = B30CB22D163C499700A25046 /* node_person_core.png */; };
		B30CB26A163C499700A25046 /* node_person_core@2x.png in Resources */ = {isa = PBXBuildFile; fileRef = B30CB22E163C499700A25046 /* node_person_core@2x.png */; };
		B30CB26B163C499700A25046 /* node_person_glow.png in Resources */ = {isa = PBXBuildFile; fileRef = B30CB22F163C499700A25046 /* node_person_glow.png */; };
		B30CB26C163C499700A25046 /* node_person_glow@2x.png in Resources */ = {isa = PBXBuildFile; fileRef = B30CB230163C499700A25046 /* node_person_glow@2x.png */; };
		B30CB26D163C499700A25046 /* sample_click.wav in Resources */ = {isa = PBXBuildFile; fileRef = B30CB231163C499700A25046 /* sample_click.wav */; };
		B34C2A44163AF517007AB2B4 /* SoundPathAppDelegate.mm in Sources */ = {isa = PBXBuildFile; fileRef = B34C2A41163AF517007AB2B4 /* SoundPathAppDelegate.mm */; };
		B34C2A45163AF517007AB2B4 /* MainViewController.mm in Sources */ = {isa = PBXBuildFile; fileRef = B34C2A43163AF517007AB2B4 /* MainViewController.mm */; };
		B398D30E163AD2F6003724DB /* SPUtils.m in Sources */ = {isa = PBXBuildFile; fileRef = B398D30D163AD2F6003724DB /* SPUtils.m */; };
		B39F3784163BFDF2008E419D /* MainViewController-iPad.xib in Resources */ = {isa = PBXBuildFile; fileRef = B39F3782163BFDF2008E419D /* MainViewController-iPad.xib */; };
		B39F3785163BFDF2008E419D /* MainViewController-iPhone.xib in Resources */ = {isa = PBXBuildFile; fileRef = B39F3783163BFDF2008E419D /* MainViewController-iPhone.xib */; };
		C725DFFE121DAC7F00FA186B /* CoreMedia.framework in Frameworks */ = {isa = PBXBuildFile; fileRef = C727C02B121B400300192073 /* CoreMedia.framework */; settings = {ATTRIBUTES = (Weak, ); }; };
		C725E001121DAC8F00FA186B /* AVFoundation.framework in Frameworks */ = {isa = PBXBuildFile; fileRef = C725E000121DAC8F00FA186B /* AVFoundation.framework */; settings = {ATTRIBUTES = (Weak, ); }; };
		C727C02E121B400300192073 /* CoreVideo.framework in Frameworks */ = {isa = PBXBuildFile; fileRef = C727C02D121B400300192073 /* CoreVideo.framework */; settings = {ATTRIBUTES = (Weak, ); }; };
/* End PBXBuildFile section */

/* Begin PBXContainerItemProxy section */
		67ECF42F163C5B3700CA4A49 /* PBXContainerItemProxy */ = {
			isa = PBXContainerItemProxy;
			containerPortal = 67ECF427163C5B3700CA4A49 /* facebook-ios-sdk.xcodeproj */;
			proxyType = 2;
			remoteGlobalIDString = D2AAC07E0554694100DB518D;
			remoteInfo = "facebook-ios-sdk";
		};
		67ECF431163C5B3700CA4A49 /* PBXContainerItemProxy */ = {
			isa = PBXContainerItemProxy;
			containerPortal = 67ECF427163C5B3700CA4A49 /* facebook-ios-sdk.xcodeproj */;
			proxyType = 2;
			remoteGlobalIDString = B9CBC519152537270036AA71;
			remoteInfo = FacebookSDKTests;
		};
		67ECF434163C5B4B00CA4A49 /* PBXContainerItemProxy */ = {
			isa = PBXContainerItemProxy;
			containerPortal = 67ECF427163C5B3700CA4A49 /* facebook-ios-sdk.xcodeproj */;
			proxyType = 1;
			remoteGlobalIDString = D2AAC07D0554694100DB518D;
			remoteInfo = "facebook-ios-sdk";
		};
/* End PBXContainerItemProxy section */

/* Begin PBXFileReference section */
		00CFDF6A1138442D0091E310 /* CoreGraphics.framework */ = {isa = PBXFileReference; lastKnownFileType = wrapper.framework; name = CoreGraphics.framework; path = System/Library/Frameworks/CoreGraphics.framework; sourceTree = SDKROOT; };
		00CFDFDF11384CC60091E310 /* SoundPathApp.mm */ = {isa = PBXFileReference; fileEncoding = 4; lastKnownFileType = sourcecode.cpp.objcpp; path = SoundPathApp.mm; sourceTree = "<group>"; };
		00EB53EF13E250DA006BF8E7 /* AudioToolbox.framework */ = {isa = PBXFileReference; lastKnownFileType = wrapper.framework; name = AudioToolbox.framework; path = System/Library/Frameworks/AudioToolbox.framework; sourceTree = SDKROOT; };
		00EB543E13E25352006BF8E7 /* CoreText.framework */ = {isa = PBXFileReference; lastKnownFileType = wrapper.framework; name = CoreText.framework; path = System/Library/Frameworks/CoreText.framework; sourceTree = SDKROOT; };
		00EB544013E25367006BF8E7 /* libz.dylib */ = {isa = PBXFileReference; lastKnownFileType = "compiled.mach-o.dylib"; name = libz.dylib; path = usr/lib/libz.dylib; sourceTree = SDKROOT; };
		1D30AB110D05D00D00671497 /* Foundation.framework */ = {isa = PBXFileReference; lastKnownFileType = wrapper.framework; name = Foundation.framework; path = System/Library/Frameworks/Foundation.framework; sourceTree = SDKROOT; };
		1D6058910D05DD3D006BFB54 /* SoundPath.app */ = {isa = PBXFileReference; explicitFileType = wrapper.application; includeInIndex = 0; path = SoundPath.app; sourceTree = BUILT_PRODUCTS_DIR; };
		1DF5F4DF0D08C38300B7A737 /* UIKit.framework */ = {isa = PBXFileReference; lastKnownFileType = wrapper.framework; name = UIKit.framework; path = System/Library/Frameworks/UIKit.framework; sourceTree = SDKROOT; };
		28FD14FF0DC6FC520079059D /* OpenGLES.framework */ = {isa = PBXFileReference; lastKnownFileType = wrapper.framework; name = OpenGLES.framework; path = System/Library/Frameworks/OpenGLES.framework; sourceTree = SDKROOT; };
		28FD15070DC6FC5B0079059D /* QuartzCore.framework */ = {isa = PBXFileReference; lastKnownFileType = wrapper.framework; name = QuartzCore.framework; path = System/Library/Frameworks/QuartzCore.framework; sourceTree = SDKROOT; };
		32CA4F630368D1EE00C91783 /* SoundPath_Prefix.pch */ = {isa = PBXFileReference; fileEncoding = 4; lastKnownFileType = sourcecode.c.h; path = SoundPath_Prefix.pch; sourceTree = "<group>"; };
		43CD9798123D6504003B628E /* Icon.png */ = {isa = PBXFileReference; lastKnownFileType = image.png; path = Icon.png; sourceTree = SOURCE_ROOT; };
		67ECF427163C5B3700CA4A49 /* facebook-ios-sdk.xcodeproj */ = {isa = PBXFileReference; lastKnownFileType = "wrapper.pb-project"; name = "facebook-ios-sdk.xcodeproj"; path = "../Submodules/FacebookSDK/src/facebook-ios-sdk.xcodeproj"; sourceTree = "<group>"; };
		67ECF436163C5B5900CA4A49 /* AddressBook.framework */ = {isa = PBXFileReference; lastKnownFileType = wrapper.framework; name = AddressBook.framework; path = System/Library/Frameworks/AddressBook.framework; sourceTree = SDKROOT; };
		67ECF437163C5B5900CA4A49 /* AdSupport.framework */ = {isa = PBXFileReference; lastKnownFileType = wrapper.framework; name = AdSupport.framework; path = System/Library/Frameworks/AdSupport.framework; sourceTree = SDKROOT; };
		67ECF43A163C5B9C00CA4A49 /* Social.framework */ = {isa = PBXFileReference; lastKnownFileType = wrapper.framework; name = Social.framework; path = System/Library/Frameworks/Social.framework; sourceTree = SDKROOT; };
		67ECF43C163C5BE000CA4A49 /* FacebookSDKResources.bundle */ = {isa = PBXFileReference; lastKnownFileType = "wrapper.plug-in"; name = FacebookSDKResources.bundle; path = ../Submodules/FacebookSDK/src/FacebookSDKResources.bundle; sourceTree = "<group>"; };
		B30CB1D9163C494300A25046 /* Action.cpp */ = {isa = PBXFileReference; fileEncoding = 4; lastKnownFileType = sourcecode.cpp.cpp; path = Action.cpp; sourceTree = "<group>"; };
		B30CB1DA163C494300A25046 /* Action.h */ = {isa = PBXFileReference; fileEncoding = 4; lastKnownFileType = sourcecode.c.h; path = Action.h; sourceTree = "<group>"; };
		B30CB1DB163C494300A25046 /* Configuration.cpp */ = {isa = PBXFileReference; fileEncoding = 4; lastKnownFileType = sourcecode.cpp.cpp; path = Configuration.cpp; sourceTree = "<group>"; };
		B30CB1DC163C494300A25046 /* Configuration.h */ = {isa = PBXFileReference; fileEncoding = 4; lastKnownFileType = sourcecode.c.h; path = Configuration.h; sourceTree = "<group>"; };
		B30CB1DD163C494300A25046 /* Connection.cpp */ = {isa = PBXFileReference; fileEncoding = 4; lastKnownFileType = sourcecode.cpp.cpp; path = Connection.cpp; sourceTree = "<group>"; };
		B30CB1DE163C494300A25046 /* Connection.h */ = {isa = PBXFileReference; fileEncoding = 4; lastKnownFileType = sourcecode.c.h; path = Connection.h; sourceTree = "<group>"; };
		B30CB1DF163C494300A25046 /* Defaults.cpp */ = {isa = PBXFileReference; fileEncoding = 4; lastKnownFileType = sourcecode.cpp.cpp; path = Defaults.cpp; sourceTree = "<group>"; };
		B30CB1E0163C494300A25046 /* Defaults.h */ = {isa = PBXFileReference; fileEncoding = 4; lastKnownFileType = sourcecode.c.h; path = Defaults.h; sourceTree = "<group>"; };
		B30CB1E1163C494300A25046 /* Edge.cpp */ = {isa = PBXFileReference; fileEncoding = 4; lastKnownFileType = sourcecode.cpp.cpp; path = Edge.cpp; sourceTree = "<group>"; };
		B30CB1E2163C494300A25046 /* Edge.h */ = {isa = PBXFileReference; fileEncoding = 4; lastKnownFileType = sourcecode.c.h; path = Edge.h; sourceTree = "<group>"; };
		B30CB1E3163C494300A25046 /* Graph.cpp */ = {isa = PBXFileReference; fileEncoding = 4; lastKnownFileType = sourcecode.cpp.cpp; path = Graph.cpp; sourceTree = "<group>"; };
		B30CB1E4163C494300A25046 /* Graph.h */ = {isa = PBXFileReference; fileEncoding = 4; lastKnownFileType = sourcecode.c.h; path = Graph.h; sourceTree = "<group>"; };
		B30CB1E5163C494300A25046 /* I18N.cpp */ = {isa = PBXFileReference; fileEncoding = 4; lastKnownFileType = sourcecode.cpp.cpp; path = I18N.cpp; sourceTree = "<group>"; };
		B30CB1E6163C494300A25046 /* I18N.h */ = {isa = PBXFileReference; fileEncoding = 4; lastKnownFileType = sourcecode.c.h; path = I18N.h; sourceTree = "<group>"; };
		B30CB1E7163C494300A25046 /* Node.cpp */ = {isa = PBXFileReference; fileEncoding = 4; lastKnownFileType = sourcecode.cpp.cpp; path = Node.cpp; sourceTree = "<group>"; };
		B30CB1E8163C494300A25046 /* Node.h */ = {isa = PBXFileReference; fileEncoding = 4; lastKnownFileType = sourcecode.c.h; path = Node.h; sourceTree = "<group>"; };
		B30CB1E9163C494300A25046 /* Resources.h */ = {isa = PBXFileReference; fileEncoding = 4; lastKnownFileType = sourcecode.c.h; path = Resources.h; sourceTree = "<group>"; };
		B30CB1EA163C494300A25046 /* Tooltip.cpp */ = {isa = PBXFileReference; fileEncoding = 4; lastKnownFileType = sourcecode.cpp.cpp; path = Tooltip.cpp; sourceTree = "<group>"; };
		B30CB1EB163C494300A25046 /* Tooltip.h */ = {isa = PBXFileReference; fileEncoding = 4; lastKnownFileType = sourcecode.c.h; path = Tooltip.h; sourceTree = "<group>"; };
		B30CB1F6163C499700A25046 /* bd_related.png */ = {isa = PBXFileReference; lastKnownFileType = image.png; path = bd_related.png; sourceTree = "<group>"; };
		B30CB1F7163C499700A25046 /* bd_related@2x.png */ = {isa = PBXFileReference; lastKnownFileType = image.png; path = "bd_related@2x.png"; sourceTree = "<group>"; };
		B30CB1F8163C499700A25046 /* bg_content.png */ = {isa = PBXFileReference; lastKnownFileType = image.png; path = bg_content.png; sourceTree = "<group>"; };
		B30CB1F9163C499700A25046 /* bg_content@2x.png */ = {isa = PBXFileReference; lastKnownFileType = image.png; path = "bg_content@2x.png"; sourceTree = "<group>"; };
		B30CB1FA163C499700A25046 /* bg_graph.png */ = {isa = PBXFileReference; lastKnownFileType = image.png; path = bg_graph.png; sourceTree = "<group>"; };
		B30CB1FB163C499700A25046 /* bg_graph@2x.png */ = {isa = PBXFileReference; lastKnownFileType = image.png; path = "bg_graph@2x.png"; sourceTree = "<group>"; };
		B30CB1FC163C499700A25046 /* bg_graph_redux.png */ = {isa = PBXFileReference; lastKnownFileType = image.png; path = bg_graph_redux.png; sourceTree = "<group>"; };
		B30CB1FD163C499700A25046 /* bg_graph_redux@2x.png */ = {isa = PBXFileReference; lastKnownFileType = image.png; path = "bg_graph_redux@2x.png"; sourceTree = "<group>"; };
		B30CB1FE163C499700A25046 /* bg_settings.png */ = {isa = PBXFileReference; lastKnownFileType = image.png; path = bg_settings.png; sourceTree = "<group>"; };
		B30CB1FF163C499700A25046 /* bg_settings@2x.png */ = {isa = PBXFileReference; lastKnownFileType = image.png; path = "bg_settings@2x.png"; sourceTree = "<group>"; };
		B30CB200163C499700A25046 /* bg_transparent.png */ = {isa = PBXFileReference; lastKnownFileType = image.png; path = bg_transparent.png; sourceTree = "<group>"; };
		B30CB201163C499700A25046 /* node_action_close.png */ = {isa = PBXFileReference; lastKnownFileType = image.png; path = node_action_close.png; sourceTree = "<group>"; };
		B30CB202163C499700A25046 /* node_action_close@2x.png */ = {isa = PBXFileReference; lastKnownFileType = image.png; path = "node_action_close@2x.png"; sourceTree = "<group>"; };
		B30CB203163C499700A25046 /* node_action_info.png */ = {isa = PBXFileReference; lastKnownFileType = image.png; path = node_action_info.png; sourceTree = "<group>"; };
		B30CB204163C499700A25046 /* node_action_info@2x.png */ = {isa = PBXFileReference; lastKnownFileType = image.png; path = "node_action_info@2x.png"; sourceTree = "<group>"; };
		B30CB205163C499700A25046 /* node_action_related.png */ = {isa = PBXFileReference; lastKnownFileType = image.png; path = node_action_related.png; sourceTree = "<group>"; };
		B30CB206163C499700A25046 /* node_action_related@2x.png */ = {isa = PBXFileReference; lastKnownFileType = image.png; path = "node_action_related@2x.png"; sourceTree = "<group>"; };
		B30CB207163C499700A25046 /* node_crew.png */ = {isa = PBXFileReference; lastKnownFileType = image.png; path = node_crew.png; sourceTree = "<group>"; };
		B30CB208163C499700A25046 /* node_crew@2x.png */ = {isa = PBXFileReference; lastKnownFileType = image.png; path = "node_crew@2x.png"; sourceTree = "<group>"; };
		B30CB209163C499700A25046 /* node_crew_core.png */ = {isa = PBXFileReference; lastKnownFileType = image.png; path = node_crew_core.png; sourceTree = "<group>"; };
		B30CB20A163C499700A25046 /* node_crew_core@2x.png */ = {isa = PBXFileReference; lastKnownFileType = image.png; path = "node_crew_core@2x.png"; sourceTree = "<group>"; };
		B30CB20B163C499700A25046 /* node_crew_glow.png */ = {isa = PBXFileReference; lastKnownFileType = image.png; path = node_crew_glow.png; sourceTree = "<group>"; };
		B30CB20C163C499700A25046 /* node_crew_glow@2x.png */ = {isa = PBXFileReference; lastKnownFileType = image.png; path = "node_crew_glow@2x.png"; sourceTree = "<group>"; };
		B30CB20D163C499700A25046 /* node_movie.png */ = {isa = PBXFileReference; lastKnownFileType = image.png; path = node_movie.png; sourceTree = "<group>"; };
		B30CB20E163C499700A25046 /* node_movie@2x.png */ = {isa = PBXFileReference; lastKnownFileType = image.png; path = "node_movie@2x.png"; sourceTree = "<group>"; };
		B30CB20F163C499700A25046 /* node_movie_core.png */ = {isa = PBXFileReference; lastKnownFileType = image.png; path = node_movie_core.png; sourceTree = "<group>"; };
		B30CB210163C499700A25046 /* node_movie_core@2x.png */ = {isa = PBXFileReference; lastKnownFileType = image.png; path = "node_movie_core@2x.png"; sourceTree = "<group>"; };
		B30CB211163C499700A25046 /* node_movie_core_creativity.png */ = {isa = PBXFileReference; lastKnownFileType = image.png; path = node_movie_core_creativity.png; sourceTree = "<group>"; };
		B30CB212163C499700A25046 /* node_movie_core_creativity@2x.png */ = {isa = PBXFileReference; lastKnownFileType = image.png; path = "node_movie_core_creativity@2x.png"; sourceTree = "<group>"; };
		B30CB213163C499700A25046 /* node_movie_core_entertainment.png */ = {isa = PBXFileReference; lastKnownFileType = image.png; path = node_movie_core_entertainment.png; sourceTree = "<group>"; };
		B30CB214163C499700A25046 /* node_movie_core_entertainment@2x.png */ = {isa = PBXFileReference; lastKnownFileType = image.png; path = "node_movie_core_entertainment@2x.png"; sourceTree = "<group>"; };
		B30CB215163C499700A25046 /* node_movie_core_happiness.png */ = {isa = PBXFileReference; lastKnownFileType = image.png; path = node_movie_core_happiness.png; sourceTree = "<group>"; };
		B30CB216163C499700A25046 /* node_movie_core_happiness@2x.png */ = {isa = PBXFileReference; lastKnownFileType = image.png; path = "node_movie_core_happiness@2x.png"; sourceTree = "<group>"; };
		B30CB217163C499700A25046 /* node_movie_core_natural.png */ = {isa = PBXFileReference; lastKnownFileType = image.png; path = node_movie_core_natural.png; sourceTree = "<group>"; };
		B30CB218163C499700A25046 /* node_movie_core_natural@2x.png */ = {isa = PBXFileReference; lastKnownFileType = image.png; path = "node_movie_core_natural@2x.png"; sourceTree = "<group>"; };
		B30CB219163C499700A25046 /* node_movie_core_passion.png */ = {isa = PBXFileReference; lastKnownFileType = image.png; path = node_movie_core_passion.png; sourceTree = "<group>"; };
		B30CB21A163C499700A25046 /* node_movie_core_passion@2x.png */ = {isa = PBXFileReference; lastKnownFileType = image.png; path = "node_movie_core_passion@2x.png"; sourceTree = "<group>"; };
		B30CB21B163C499700A25046 /* node_movie_core_violence.png */ = {isa = PBXFileReference; lastKnownFileType = image.png; path = node_movie_core_violence.png; sourceTree = "<group>"; };
		B30CB21C163C499700A25046 /* node_movie_core_violence@2x.png */ = {isa = PBXFileReference; lastKnownFileType = image.png; path = "node_movie_core_violence@2x.png"; sourceTree = "<group>"; };
		B30CB21D163C499700A25046 /* node_movie_glow.png */ = {isa = PBXFileReference; lastKnownFileType = image.png; path = node_movie_glow.png; sourceTree = "<group>"; };
		B30CB21E163C499700A25046 /* node_movie_glow@2x.png */ = {isa = PBXFileReference; lastKnownFileType = image.png; path = "node_movie_glow@2x.png"; sourceTree = "<group>"; };
		B30CB21F163C499700A25046 /* node_movie_glow_creativity.png */ = {isa = PBXFileReference; lastKnownFileType = image.png; path = node_movie_glow_creativity.png; sourceTree = "<group>"; };
		B30CB220163C499700A25046 /* node_movie_glow_creativity@2x.png */ = {isa = PBXFileReference; lastKnownFileType = image.png; path = "node_movie_glow_creativity@2x.png"; sourceTree = "<group>"; };
		B30CB221163C499700A25046 /* node_movie_glow_entertainment.png */ = {isa = PBXFileReference; lastKnownFileType = image.png; path = node_movie_glow_entertainment.png; sourceTree = "<group>"; };
		B30CB222163C499700A25046 /* node_movie_glow_entertainment@2x.png */ = {isa = PBXFileReference; lastKnownFileType = image.png; path = "node_movie_glow_entertainment@2x.png"; sourceTree = "<group>"; };
		B30CB223163C499700A25046 /* node_movie_glow_happiness.png */ = {isa = PBXFileReference; lastKnownFileType = image.png; path = node_movie_glow_happiness.png; sourceTree = "<group>"; };
		B30CB224163C499700A25046 /* node_movie_glow_happiness@2x.png */ = {isa = PBXFileReference; lastKnownFileType = image.png; path = "node_movie_glow_happiness@2x.png"; sourceTree = "<group>"; };
		B30CB225163C499700A25046 /* node_movie_glow_natural.png */ = {isa = PBXFileReference; lastKnownFileType = image.png; path = node_movie_glow_natural.png; sourceTree = "<group>"; };
		B30CB226163C499700A25046 /* node_movie_glow_natural@2x.png */ = {isa = PBXFileReference; lastKnownFileType = image.png; path = "node_movie_glow_natural@2x.png"; sourceTree = "<group>"; };
		B30CB227163C499700A25046 /* node_movie_glow_passion.png */ = {isa = PBXFileReference; lastKnownFileType = image.png; path = node_movie_glow_passion.png; sourceTree = "<group>"; };
		B30CB228163C499700A25046 /* node_movie_glow_passion@2x.png */ = {isa = PBXFileReference; lastKnownFileType = image.png; path = "node_movie_glow_passion@2x.png"; sourceTree = "<group>"; };
		B30CB229163C499700A25046 /* node_movie_glow_violence.png */ = {isa = PBXFileReference; lastKnownFileType = image.png; path = node_movie_glow_violence.png; sourceTree = "<group>"; };
		B30CB22A163C499700A25046 /* node_movie_glow_violence@2x.png */ = {isa = PBXFileReference; lastKnownFileType = image.png; path = "node_movie_glow_violence@2x.png"; sourceTree = "<group>"; };
		B30CB22B163C499700A25046 /* node_person.png */ = {isa = PBXFileReference; lastKnownFileType = image.png; path = node_person.png; sourceTree = "<group>"; };
		B30CB22C163C499700A25046 /* node_person@2x.png */ = {isa = PBXFileReference; lastKnownFileType = image.png; path = "node_person@2x.png"; sourceTree = "<group>"; };
		B30CB22D163C499700A25046 /* node_person_core.png */ = {isa = PBXFileReference; lastKnownFileType = image.png; path = node_person_core.png; sourceTree = "<group>"; };
		B30CB22E163C499700A25046 /* node_person_core@2x.png */ = {isa = PBXFileReference; lastKnownFileType = image.png; path = "node_person_core@2x.png"; sourceTree = "<group>"; };
		B30CB22F163C499700A25046 /* node_person_glow.png */ = {isa = PBXFileReference; lastKnownFileType = image.png; path = node_person_glow.png; sourceTree = "<group>"; };
		B30CB230163C499700A25046 /* node_person_glow@2x.png */ = {isa = PBXFileReference; lastKnownFileType = image.png; path = "node_person_glow@2x.png"; sourceTree = "<group>"; };
		B30CB231163C499700A25046 /* sample_click.wav */ = {isa = PBXFileReference; lastKnownFileType = audio.wav; path = sample_click.wav; sourceTree = "<group>"; };
		B34C2A40163AF517007AB2B4 /* SoundPathAppDelegate.h */ = {isa = PBXFileReference; fileEncoding = 4; lastKnownFileType = sourcecode.c.h; path = SoundPathAppDelegate.h; sourceTree = "<group>"; };
		B34C2A41163AF517007AB2B4 /* SoundPathAppDelegate.mm */ = {isa = PBXFileReference; fileEncoding = 4; lastKnownFileType = sourcecode.cpp.objcpp; path = SoundPathAppDelegate.mm; sourceTree = "<group>"; };
		B34C2A42163AF517007AB2B4 /* MainViewController.h */ = {isa = PBXFileReference; fileEncoding = 4; lastKnownFileType = sourcecode.c.h; path = MainViewController.h; sourceTree = "<group>"; };
		B34C2A43163AF517007AB2B4 /* MainViewController.mm */ = {isa = PBXFileReference; fileEncoding = 4; lastKnownFileType = sourcecode.cpp.objcpp; path = MainViewController.mm; sourceTree = "<group>"; };
		B398D30C163AD2F6003724DB /* SPUtils.h */ = {isa = PBXFileReference; fileEncoding = 4; lastKnownFileType = sourcecode.c.h; path = SPUtils.h; sourceTree = "<group>"; };
		B398D30D163AD2F6003724DB /* SPUtils.m */ = {isa = PBXFileReference; fileEncoding = 4; lastKnownFileType = sourcecode.c.objc; path = SPUtils.m; sourceTree = "<group>"; };
		B398D310163AD371003724DB /* SoundPathApp.h */ = {isa = PBXFileReference; fileEncoding = 4; lastKnownFileType = sourcecode.c.h; path = SoundPathApp.h; sourceTree = "<group>"; };
		B39F3410163BEBE5008E419D /* SoundPath-Info.plist */ = {isa = PBXFileReference; fileEncoding = 4; lastKnownFileType = text.plist.xml; path = "SoundPath-Info.plist"; sourceTree = "<group>"; };
		B39F377D163BF8FC008E419D /* SPInteropDelegate.h */ = {isa = PBXFileReference; fileEncoding = 4; lastKnownFileType = sourcecode.c.h; path = SPInteropDelegate.h; sourceTree = "<group>"; };
		B39F3782163BFDF2008E419D /* MainViewController-iPad.xib */ = {isa = PBXFileReference; fileEncoding = 4; lastKnownFileType = file.xib; path = "MainViewController-iPad.xib"; sourceTree = "<group>"; };
		B39F3783163BFDF2008E419D /* MainViewController-iPhone.xib */ = {isa = PBXFileReference; fileEncoding = 4; lastKnownFileType = file.xib; path = "MainViewController-iPhone.xib"; sourceTree = "<group>"; };
		C725E000121DAC8F00FA186B /* AVFoundation.framework */ = {isa = PBXFileReference; lastKnownFileType = wrapper.framework; name = AVFoundation.framework; path = System/Library/Frameworks/AVFoundation.framework; sourceTree = SDKROOT; };
		C727C02B121B400300192073 /* CoreMedia.framework */ = {isa = PBXFileReference; lastKnownFileType = wrapper.framework; name = CoreMedia.framework; path = System/Library/Frameworks/CoreMedia.framework; sourceTree = SDKROOT; };
		C727C02D121B400300192073 /* CoreVideo.framework */ = {isa = PBXFileReference; lastKnownFileType = wrapper.framework; name = CoreVideo.framework; path = System/Library/Frameworks/CoreVideo.framework; sourceTree = SDKROOT; };
/* End PBXFileReference section */

/* Begin PBXFrameworksBuildPhase section */
		1D60588F0D05DD3D006BFB54 /* Frameworks */ = {
			isa = PBXFrameworksBuildPhase;
			buildActionMask = 2147483647;
			files = (
				67ECF43E163C5CBD00CA4A49 /* libfacebook_ios_sdk.a in Frameworks */,
				67ECF43B163C5B9C00CA4A49 /* Social.framework in Frameworks */,
				67ECF438163C5B5900CA4A49 /* AddressBook.framework in Frameworks */,
				67ECF439163C5B5900CA4A49 /* AdSupport.framework in Frameworks */,
				00EB544113E25367006BF8E7 /* libz.dylib in Frameworks */,
				00EB543F13E25352006BF8E7 /* CoreText.framework in Frameworks */,
				00EB53F013E250DA006BF8E7 /* AudioToolbox.framework in Frameworks */,
				C725E001121DAC8F00FA186B /* AVFoundation.framework in Frameworks */,
				C725DFFE121DAC7F00FA186B /* CoreMedia.framework in Frameworks */,
				1D60589F0D05DD5A006BFB54 /* Foundation.framework in Frameworks */,
				1DF5F4E00D08C38300B7A737 /* UIKit.framework in Frameworks */,
				28FD15000DC6FC520079059D /* OpenGLES.framework in Frameworks */,
				28FD15080DC6FC5B0079059D /* QuartzCore.framework in Frameworks */,
				00CFDF6B1138442D0091E310 /* CoreGraphics.framework in Frameworks */,
				C727C02E121B400300192073 /* CoreVideo.framework in Frameworks */,
			);
			runOnlyForDeploymentPostprocessing = 0;
		};
/* End PBXFrameworksBuildPhase section */

/* Begin PBXGroup section */
		00CFDFA7113848F40091E310 /* Source */ = {
			isa = PBXGroup;
			children = (
				B39F3787163BFE23008E419D /* App */,
				B39F377E163BFD78008E419D /* Classes */,
				B39F3786163BFE03008E419D /* Views */,
				B39F377F163BFD83008E419D /* Controllers */,
			);
			name = Source;
			path = ../src;
			sourceTree = "<group>";
		};
		00CFDFB81138492F0091E310 /* Headers */ = {
			isa = PBXGroup;
			children = (
				32CA4F630368D1EE00C91783 /* SoundPath_Prefix.pch */,
			);
			name = Headers;
			sourceTree = "<group>";
		};
		19C28FACFE9D520D11CA2CBB /* Products */ = {
			isa = PBXGroup;
			children = (
				1D6058910D05DD3D006BFB54 /* SoundPath.app */,
			);
			name = Products;
			sourceTree = "<group>";
		};
		29B97314FDCFA39411CA2CEA /* CustomTemplate */ = {
			isa = PBXGroup;
			children = (
				67ECF43A163C5B9C00CA4A49 /* Social.framework */,
				67ECF436163C5B5900CA4A49 /* AddressBook.framework */,
				67ECF437163C5B5900CA4A49 /* AdSupport.framework */,
				00CFDFB81138492F0091E310 /* Headers */,
				00CFDFA7113848F40091E310 /* Source */,
				29B97317FDCFA39411CA2CEA /* Resources */,
				B39F3410163BEBE5008E419D /* SoundPath-Info.plist */,
				B34C2A4B163B031C007AB2B4 /* Thirdparty */,
				29B97323FDCFA39411CA2CEA /* Frameworks */,
				19C28FACFE9D520D11CA2CBB /* Products */,
			);
			name = CustomTemplate;
			sourceTree = "<group>";
		};
		29B97317FDCFA39411CA2CEA /* Resources */ = {
			isa = PBXGroup;
			children = (
				43CD9798123D6504003B628E /* Icon.png */,
				B30CB1F5163C499700A25046 /* solyaris */,
			);
			name = Resources;
			path = ../resources;
			sourceTree = "<group>";
		};
		29B97323FDCFA39411CA2CEA /* Frameworks */ = {
			isa = PBXGroup;
			children = (
				67ECF43C163C5BE000CA4A49 /* FacebookSDKResources.bundle */,
				67ECF427163C5B3700CA4A49 /* facebook-ios-sdk.xcodeproj */,
				00EB543E13E25352006BF8E7 /* CoreText.framework */,
				00EB544013E25367006BF8E7 /* libz.dylib */,
				C727C02B121B400300192073 /* CoreMedia.framework */,
				C727C02D121B400300192073 /* CoreVideo.framework */,
				28FD15070DC6FC5B0079059D /* QuartzCore.framework */,
				28FD14FF0DC6FC520079059D /* OpenGLES.framework */,
				1DF5F4DF0D08C38300B7A737 /* UIKit.framework */,
				1D30AB110D05D00D00671497 /* Foundation.framework */,
				00CFDF6A1138442D0091E310 /* CoreGraphics.framework */,
				C725E000121DAC8F00FA186B /* AVFoundation.framework */,
				00EB53EF13E250DA006BF8E7 /* AudioToolbox.framework */,
			);
			name = Frameworks;
			sourceTree = "<group>";
		};
		67ECF428163C5B3700CA4A49 /* Products */ = {
			isa = PBXGroup;
			children = (
				67ECF430163C5B3700CA4A49 /* libfacebook_ios_sdk.a */,
				67ECF432163C5B3700CA4A49 /* FacebookSDKTests.octest */,
			);
			name = Products;
			sourceTree = "<group>";
		};
		B30CB1D8163C494300A25046 /* solyaris */ = {
			isa = PBXGroup;
			children = (
				B30CB1D9163C494300A25046 /* Action.cpp */,
				B30CB1DA163C494300A25046 /* Action.h */,
				B30CB1DB163C494300A25046 /* Configuration.cpp */,
				B30CB1DC163C494300A25046 /* Configuration.h */,
				B30CB1DD163C494300A25046 /* Connection.cpp */,
				B30CB1DE163C494300A25046 /* Connection.h */,
				B30CB1DF163C494300A25046 /* Defaults.cpp */,
				B30CB1E0163C494300A25046 /* Defaults.h */,
				B30CB1E1163C494300A25046 /* Edge.cpp */,
				B30CB1E2163C494300A25046 /* Edge.h */,
				B30CB1E3163C494300A25046 /* Graph.cpp */,
				B30CB1E4163C494300A25046 /* Graph.h */,
				B30CB1E5163C494300A25046 /* I18N.cpp */,
				B30CB1E6163C494300A25046 /* I18N.h */,
				B30CB1E7163C494300A25046 /* Node.cpp */,
				B30CB1E8163C494300A25046 /* Node.h */,
				B30CB1E9163C494300A25046 /* Resources.h */,
				B30CB1EA163C494300A25046 /* Tooltip.cpp */,
				B30CB1EB163C494300A25046 /* Tooltip.h */,
			);
			path = solyaris;
			sourceTree = "<group>";
		};
		B30CB1F5163C499700A25046 /* solyaris */ = {
			isa = PBXGroup;
			children = (
				B30CB1F6163C499700A25046 /* bd_related.png */,
				B30CB1F7163C499700A25046 /* bd_related@2x.png */,
				B30CB1F8163C499700A25046 /* bg_content.png */,
				B30CB1F9163C499700A25046 /* bg_content@2x.png */,
				B30CB1FA163C499700A25046 /* bg_graph.png */,
				B30CB1FB163C499700A25046 /* bg_graph@2x.png */,
				B30CB1FC163C499700A25046 /* bg_graph_redux.png */,
				B30CB1FD163C499700A25046 /* bg_graph_redux@2x.png */,
				B30CB1FE163C499700A25046 /* bg_settings.png */,
				B30CB1FF163C499700A25046 /* bg_settings@2x.png */,
				B30CB200163C499700A25046 /* bg_transparent.png */,
				B30CB201163C499700A25046 /* node_action_close.png */,
				B30CB202163C499700A25046 /* node_action_close@2x.png */,
				B30CB203163C499700A25046 /* node_action_info.png */,
				B30CB204163C499700A25046 /* node_action_info@2x.png */,
				B30CB205163C499700A25046 /* node_action_related.png */,
				B30CB206163C499700A25046 /* node_action_related@2x.png */,
				B30CB207163C499700A25046 /* node_crew.png */,
				B30CB208163C499700A25046 /* node_crew@2x.png */,
				B30CB209163C499700A25046 /* node_crew_core.png */,
				B30CB20A163C499700A25046 /* node_crew_core@2x.png */,
				B30CB20B163C499700A25046 /* node_crew_glow.png */,
				B30CB20C163C499700A25046 /* node_crew_glow@2x.png */,
				B30CB20D163C499700A25046 /* node_movie.png */,
				B30CB20E163C499700A25046 /* node_movie@2x.png */,
				B30CB20F163C499700A25046 /* node_movie_core.png */,
				B30CB210163C499700A25046 /* node_movie_core@2x.png */,
				B30CB211163C499700A25046 /* node_movie_core_creativity.png */,
				B30CB212163C499700A25046 /* node_movie_core_creativity@2x.png */,
				B30CB213163C499700A25046 /* node_movie_core_entertainment.png */,
				B30CB214163C499700A25046 /* node_movie_core_entertainment@2x.png */,
				B30CB215163C499700A25046 /* node_movie_core_happiness.png */,
				B30CB216163C499700A25046 /* node_movie_core_happiness@2x.png */,
				B30CB217163C499700A25046 /* node_movie_core_natural.png */,
				B30CB218163C499700A25046 /* node_movie_core_natural@2x.png */,
				B30CB219163C499700A25046 /* node_movie_core_passion.png */,
				B30CB21A163C499700A25046 /* node_movie_core_passion@2x.png */,
				B30CB21B163C499700A25046 /* node_movie_core_violence.png */,
				B30CB21C163C499700A25046 /* node_movie_core_violence@2x.png */,
				B30CB21D163C499700A25046 /* node_movie_glow.png */,
				B30CB21E163C499700A25046 /* node_movie_glow@2x.png */,
				B30CB21F163C499700A25046 /* node_movie_glow_creativity.png */,
				B30CB220163C499700A25046 /* node_movie_glow_creativity@2x.png */,
				B30CB221163C499700A25046 /* node_movie_glow_entertainment.png */,
				B30CB222163C499700A25046 /* node_movie_glow_entertainment@2x.png */,
				B30CB223163C499700A25046 /* node_movie_glow_happiness.png */,
				B30CB224163C499700A25046 /* node_movie_glow_happiness@2x.png */,
				B30CB225163C499700A25046 /* node_movie_glow_natural.png */,
				B30CB226163C499700A25046 /* node_movie_glow_natural@2x.png */,
				B30CB227163C499700A25046 /* node_movie_glow_passion.png */,
				B30CB228163C499700A25046 /* node_movie_glow_passion@2x.png */,
				B30CB229163C499700A25046 /* node_movie_glow_violence.png */,
				B30CB22A163C499700A25046 /* node_movie_glow_violence@2x.png */,
				B30CB22B163C499700A25046 /* node_person.png */,
				B30CB22C163C499700A25046 /* node_person@2x.png */,
				B30CB22D163C499700A25046 /* node_person_core.png */,
				B30CB22E163C499700A25046 /* node_person_core@2x.png */,
				B30CB22F163C499700A25046 /* node_person_glow.png */,
				B30CB230163C499700A25046 /* node_person_glow@2x.png */,
				B30CB231163C499700A25046 /* sample_click.wav */,
			);
			path = solyaris;
			sourceTree = "<group>";
		};
		B34C2A4B163B031C007AB2B4 /* Thirdparty */ = {
			isa = PBXGroup;
			children = (
				B30CB1D8163C494300A25046 /* solyaris */,
			);
			name = Thirdparty;
			path = ../thirdparty;
			sourceTree = "<group>";
		};
		B39F377E163BFD78008E419D /* Classes */ = {
			isa = PBXGroup;
			children = (
			);
			name = Classes;
			sourceTree = "<group>";
		};
		B39F377F163BFD83008E419D /* Controllers */ = {
			isa = PBXGroup;
			children = (
				B34C2A42163AF517007AB2B4 /* MainViewController.h */,
				B34C2A43163AF517007AB2B4 /* MainViewController.mm */,
				B39F3783163BFDF2008E419D /* MainViewController-iPhone.xib */,
				B39F3782163BFDF2008E419D /* MainViewController-iPad.xib */,
			);
			name = Controllers;
			sourceTree = "<group>";
		};
		B39F3786163BFE03008E419D /* Views */ = {
			isa = PBXGroup;
			children = (
			);
			name = Views;
			sourceTree = "<group>";
		};
		B39F3787163BFE23008E419D /* App */ = {
			isa = PBXGroup;
			children = (
				B398D30C163AD2F6003724DB /* SPUtils.h */,
				B398D30D163AD2F6003724DB /* SPUtils.m */,
				B39F377D163BF8FC008E419D /* SPInteropDelegate.h */,
				B398D310163AD371003724DB /* SoundPathApp.h */,
				00CFDFDF11384CC60091E310 /* SoundPathApp.mm */,
				B34C2A40163AF517007AB2B4 /* SoundPathAppDelegate.h */,
				B34C2A41163AF517007AB2B4 /* SoundPathAppDelegate.mm */,
			);
			name = App;
			sourceTree = "<group>";
		};
/* End PBXGroup section */

/* Begin PBXNativeTarget section */
		1D6058900D05DD3D006BFB54 /* SoundPath */ = {
			isa = PBXNativeTarget;
			buildConfigurationList = 1D6058960D05DD3E006BFB54 /* Build configuration list for PBXNativeTarget "SoundPath" */;
			buildPhases = (
				1D60588D0D05DD3D006BFB54 /* Resources */,
				1D60588E0D05DD3D006BFB54 /* Sources */,
				1D60588F0D05DD3D006BFB54 /* Frameworks */,
			);
			buildRules = (
			);
			dependencies = (
				67ECF435163C5B4B00CA4A49 /* PBXTargetDependency */,
			);
			name = SoundPath;
			productName = SoundPath;
			productReference = 1D6058910D05DD3D006BFB54 /* SoundPath.app */;
			productType = "com.apple.product-type.application";
		};
/* End PBXNativeTarget section */

/* Begin PBXProject section */
		29B97313FDCFA39411CA2CEA /* Project object */ = {
			isa = PBXProject;
			buildConfigurationList = C01FCF4E08A954540054247B /* Build configuration list for PBXProject "SoundPath" */;
			compatibilityVersion = "Xcode 3.1";
			developmentRegion = English;
			hasScannedForEncodings = 1;
			knownRegions = (
				en,
			);
			mainGroup = 29B97314FDCFA39411CA2CEA /* CustomTemplate */;
			projectDirPath = "";
			projectReferences = (
				{
					ProductGroup = 67ECF428163C5B3700CA4A49 /* Products */;
					ProjectRef = 67ECF427163C5B3700CA4A49 /* facebook-ios-sdk.xcodeproj */;
				},
			);
			projectRoot = "";
			targets = (
				1D6058900D05DD3D006BFB54 /* SoundPath */,
			);
		};
/* End PBXProject section */

/* Begin PBXReferenceProxy section */
		67ECF430163C5B3700CA4A49 /* libfacebook_ios_sdk.a */ = {
			isa = PBXReferenceProxy;
			fileType = archive.ar;
			path = libfacebook_ios_sdk.a;
			remoteRef = 67ECF42F163C5B3700CA4A49 /* PBXContainerItemProxy */;
			sourceTree = BUILT_PRODUCTS_DIR;
		};
		67ECF432163C5B3700CA4A49 /* FacebookSDKTests.octest */ = {
			isa = PBXReferenceProxy;
			fileType = wrapper.cfbundle;
			path = FacebookSDKTests.octest;
			remoteRef = 67ECF431163C5B3700CA4A49 /* PBXContainerItemProxy */;
			sourceTree = BUILT_PRODUCTS_DIR;
		};
/* End PBXReferenceProxy section */

/* Begin PBXResourcesBuildPhase section */
		1D60588D0D05DD3D006BFB54 /* Resources */ = {
			isa = PBXResourcesBuildPhase;
			buildActionMask = 2147483647;
			files = (
				43CD9799123D6504003B628E /* Icon.png in Resources */,
				B39F3784163BFDF2008E419D /* MainViewController-iPad.xib in Resources */,
				B39F3785163BFDF2008E419D /* MainViewController-iPhone.xib in Resources */,
				B30CB232163C499700A25046 /* bd_related.png in Resources */,
				B30CB233163C499700A25046 /* bd_related@2x.png in Resources */,
				B30CB234163C499700A25046 /* bg_content.png in Resources */,
				B30CB235163C499700A25046 /* bg_content@2x.png in Resources */,
				B30CB236163C499700A25046 /* bg_graph.png in Resources */,
				B30CB237163C499700A25046 /* bg_graph@2x.png in Resources */,
				B30CB238163C499700A25046 /* bg_graph_redux.png in Resources */,
				B30CB239163C499700A25046 /* bg_graph_redux@2x.png in Resources */,
				B30CB23A163C499700A25046 /* bg_settings.png in Resources */,
				B30CB23B163C499700A25046 /* bg_settings@2x.png in Resources */,
				B30CB23C163C499700A25046 /* bg_transparent.png in Resources */,
				B30CB23D163C499700A25046 /* node_action_close.png in Resources */,
				B30CB23E163C499700A25046 /* node_action_close@2x.png in Resources */,
				B30CB23F163C499700A25046 /* node_action_info.png in Resources */,
				B30CB240163C499700A25046 /* node_action_info@2x.png in Resources */,
				B30CB241163C499700A25046 /* node_action_related.png in Resources */,
				B30CB242163C499700A25046 /* node_action_related@2x.png in Resources */,
				B30CB243163C499700A25046 /* node_crew.png in Resources */,
				B30CB244163C499700A25046 /* node_crew@2x.png in Resources */,
				B30CB245163C499700A25046 /* node_crew_core.png in Resources */,
				B30CB246163C499700A25046 /* node_crew_core@2x.png in Resources */,
				B30CB247163C499700A25046 /* node_crew_glow.png in Resources */,
				B30CB248163C499700A25046 /* node_crew_glow@2x.png in Resources */,
				B30CB249163C499700A25046 /* node_movie.png in Resources */,
				B30CB24A163C499700A25046 /* node_movie@2x.png in Resources */,
				B30CB24B163C499700A25046 /* node_movie_core.png in Resources */,
				B30CB24C163C499700A25046 /* node_movie_core@2x.png in Resources */,
				B30CB24D163C499700A25046 /* node_movie_core_creativity.png in Resources */,
				B30CB24E163C499700A25046 /* node_movie_core_creativity@2x.png in Resources */,
				B30CB24F163C499700A25046 /* node_movie_core_entertainment.png in Resources */,
				B30CB250163C499700A25046 /* node_movie_core_entertainment@2x.png in Resources */,
				B30CB251163C499700A25046 /* node_movie_core_happiness.png in Resources */,
				B30CB252163C499700A25046 /* node_movie_core_happiness@2x.png in Resources */,
				B30CB253163C499700A25046 /* node_movie_core_natural.png in Resources */,
				B30CB254163C499700A25046 /* node_movie_core_natural@2x.png in Resources */,
				B30CB255163C499700A25046 /* node_movie_core_passion.png in Resources */,
				B30CB256163C499700A25046 /* node_movie_core_passion@2x.png in Resources */,
				B30CB257163C499700A25046 /* node_movie_core_violence.png in Resources */,
				B30CB258163C499700A25046 /* node_movie_core_violence@2x.png in Resources */,
				B30CB259163C499700A25046 /* node_movie_glow.png in Resources */,
				B30CB25A163C499700A25046 /* node_movie_glow@2x.png in Resources */,
				B30CB25B163C499700A25046 /* node_movie_glow_creativity.png in Resources */,
				B30CB25C163C499700A25046 /* node_movie_glow_creativity@2x.png in Resources */,
				B30CB25D163C499700A25046 /* node_movie_glow_entertainment.png in Resources */,
				B30CB25E163C499700A25046 /* node_movie_glow_entertainment@2x.png in Resources */,
				B30CB25F163C499700A25046 /* node_movie_glow_happiness.png in Resources */,
				B30CB260163C499700A25046 /* node_movie_glow_happiness@2x.png in Resources */,
				B30CB261163C499700A25046 /* node_movie_glow_natural.png in Resources */,
				B30CB262163C499700A25046 /* node_movie_glow_natural@2x.png in Resources */,
				B30CB263163C499700A25046 /* node_movie_glow_passion.png in Resources */,
				B30CB264163C499700A25046 /* node_movie_glow_passion@2x.png in Resources */,
				B30CB265163C499700A25046 /* node_movie_glow_violence.png in Resources */,
				B30CB266163C499700A25046 /* node_movie_glow_violence@2x.png in Resources */,
				B30CB267163C499700A25046 /* node_person.png in Resources */,
				B30CB268163C499700A25046 /* node_person@2x.png in Resources */,
				B30CB269163C499700A25046 /* node_person_core.png in Resources */,
				B30CB26A163C499700A25046 /* node_person_core@2x.png in Resources */,
				B30CB26B163C499700A25046 /* node_person_glow.png in Resources */,
				B30CB26C163C499700A25046 /* node_person_glow@2x.png in Resources */,
				B30CB26D163C499700A25046 /* sample_click.wav in Resources */,
				67ECF43D163C5BE000CA4A49 /* FacebookSDKResources.bundle in Resources */,
			);
			runOnlyForDeploymentPostprocessing = 0;
		};
/* End PBXResourcesBuildPhase section */

/* Begin PBXSourcesBuildPhase section */
		1D60588E0D05DD3D006BFB54 /* Sources */ = {
			isa = PBXSourcesBuildPhase;
			buildActionMask = 2147483647;
			files = (
				00CFDFE011384CC60091E310 /* SoundPathApp.mm in Sources */,
				B398D30E163AD2F6003724DB /* SPUtils.m in Sources */,
				B34C2A44163AF517007AB2B4 /* SoundPathAppDelegate.mm in Sources */,
				B34C2A45163AF517007AB2B4 /* MainViewController.mm in Sources */,
				B30CB1EC163C494300A25046 /* Action.cpp in Sources */,
				B30CB1ED163C494300A25046 /* Configuration.cpp in Sources */,
				B30CB1EE163C494300A25046 /* Connection.cpp in Sources */,
				B30CB1EF163C494300A25046 /* Defaults.cpp in Sources */,
				B30CB1F0163C494300A25046 /* Edge.cpp in Sources */,
				B30CB1F1163C494300A25046 /* Graph.cpp in Sources */,
				B30CB1F2163C494300A25046 /* I18N.cpp in Sources */,
				B30CB1F3163C494300A25046 /* Node.cpp in Sources */,
				B30CB1F4163C494300A25046 /* Tooltip.cpp in Sources */,
			);
			runOnlyForDeploymentPostprocessing = 0;
		};
/* End PBXSourcesBuildPhase section */

/* Begin PBXTargetDependency section */
		67ECF435163C5B4B00CA4A49 /* PBXTargetDependency */ = {
			isa = PBXTargetDependency;
			name = "facebook-ios-sdk";
			targetProxy = 67ECF434163C5B4B00CA4A49 /* PBXContainerItemProxy */;
		};
/* End PBXTargetDependency section */

/* Begin XCBuildConfiguration section */
		1D6058940D05DD3E006BFB54 /* Debug */ = {
			isa = XCBuildConfiguration;
			buildSettings = {
				ALWAYS_SEARCH_USER_PATHS = NO;
				CINDER_PATH = "";
				CLANG_ENABLE_OBJC_ARC = YES;
				COPY_PHASE_STRIP = NO;
				GCC_DYNAMIC_NO_PIC = NO;
				GCC_INLINES_ARE_PRIVATE_EXTERN = NO;
				GCC_OPTIMIZATION_LEVEL = 0;
				GCC_PRECOMPILE_PREFIX_HEADER = YES;
				GCC_PREFIX_HEADER = SoundPath_Prefix.pch;
				GCC_SYMBOLS_PRIVATE_EXTERN = NO;
				"GCC_THUMB_SUPPORT[arch=armv6]" = "";
				HEADER_SEARCH_PATHS = ../thirdparty/include;
				INFOPLIST_FILE = "SoundPath-Info.plist";
				IPHONEOS_DEPLOYMENT_TARGET = 5.0;
				LIBRARY_SEARCH_PATHS = (
					"$(inherited)",
					"\"$(SRCROOT)/../../../_thirdparty/Solyaris/Source/GANTracker\"",
				);
				"OTHER_LDFLAGS[sdk=iphoneos*][arch=*]" = "../thirdparty/lib/cinder/libcinder-iphone_d.a";
				"OTHER_LDFLAGS[sdk=iphonesimulator*][arch=*]" = "../thirdparty/lib/cinder/libcinder-iphone-sim_d.a";
				PRODUCT_NAME = SoundPath;
				USER_HEADER_SEARCH_PATHS = "../../thirdparty/**";
			};
			name = Debug;
		};
		1D6058950D05DD3E006BFB54 /* Release */ = {
			isa = XCBuildConfiguration;
			buildSettings = {
				ALWAYS_SEARCH_USER_PATHS = NO;
				CINDER_PATH = "";
				CLANG_ENABLE_OBJC_ARC = YES;
				COPY_PHASE_STRIP = YES;
				GCC_INLINES_ARE_PRIVATE_EXTERN = NO;
				GCC_PRECOMPILE_PREFIX_HEADER = YES;
				GCC_PREFIX_HEADER = SoundPath_Prefix.pch;
				GCC_SYMBOLS_PRIVATE_EXTERN = NO;
				"GCC_THUMB_SUPPORT[arch=armv6]" = "";
				HEADER_SEARCH_PATHS = ../thirdparty/include;
				INFOPLIST_FILE = "SoundPath-Info.plist";
				IPHONEOS_DEPLOYMENT_TARGET = 5.0;
				LIBRARY_SEARCH_PATHS = (
					"$(inherited)",
					"\"$(SRCROOT)/../../../_thirdparty/Solyaris/Source/GANTracker\"",
				);
				"OTHER_LDFLAGS[sdk=iphoneos*][arch=*]" = "../thirdparty/lib/cinder/libcinder-iphone.a";
				"OTHER_LDFLAGS[sdk=iphonesimulator*][arch=*]" = "../thirdparty/lib/cinder/libcinder-iphone-sim.a";
				PRODUCT_NAME = SoundPath;
				USER_HEADER_SEARCH_PATHS = "../../thirdparty/**";
			};
			name = Release;
		};
		C01FCF4F08A954540054247B /* Debug */ = {
			isa = XCBuildConfiguration;
			buildSettings = {
				ARCHS = "$(ARCHS_STANDARD_32_BIT)";
				CINDER_PATH = ../../../_thirdparty/cinder;
				CLANG_WARN_OBJCPP_ARC_ABI = YES;
				"CODE_SIGN_IDENTITY[sdk=iphoneos*]" = "iPhone Developer";
				GCC_C_LANGUAGE_STANDARD = c99;
				GCC_PREPROCESSOR_DEFINITIONS = DEBUG;
				GCC_WARN_ABOUT_RETURN_TYPE = YES;
				GCC_WARN_UNUSED_VARIABLE = YES;
				HEADER_SEARCH_PATHS = "\"$(CINDER_PATH)/boost\"";
				IPHONEOS_DEPLOYMENT_TARGET = 3.2;
				PREBINDING = NO;
				"PROVISIONING_PROFILE[sdk=iphoneos*]" = "";
				SDKROOT = iphoneos;
				SYMROOT = ./build;
				TARGETED_DEVICE_FAMILY = "1,2";
				USER_HEADER_SEARCH_PATHS = "\"$(CINDER_PATH)/include\" include";
				VALID_ARCHS = "armv7 i386";
			};
			name = Debug;
		};
		C01FCF5008A954540054247B /* Release */ = {
			isa = XCBuildConfiguration;
			buildSettings = {
				ARCHS = "$(ARCHS_STANDARD_32_BIT)";
				CINDER_PATH = ../../../_thirdparty/cinder;
				CLANG_WARN_OBJCPP_ARC_ABI = YES;
				"CODE_SIGN_IDENTITY[sdk=iphoneos*]" = "iPhone Developer";
				GCC_C_LANGUAGE_STANDARD = c99;
				GCC_WARN_ABOUT_RETURN_TYPE = YES;
				GCC_WARN_UNUSED_VARIABLE = YES;
				HEADER_SEARCH_PATHS = "\"$(CINDER_PATH)/boost\"";
				IPHONEOS_DEPLOYMENT_TARGET = 3.2;
				PREBINDING = NO;
				"PROVISIONING_PROFILE[sdk=iphoneos*]" = "";
				SDKROOT = iphoneos;
				SYMROOT = ./build;
				TARGETED_DEVICE_FAMILY = "1,2";
				USER_HEADER_SEARCH_PATHS = "\"$(CINDER_PATH)/include\" include";
				VALID_ARCHS = "armv7 i386";
			};
			name = Release;
		};
/* End XCBuildConfiguration section */

/* Begin XCConfigurationList section */
		1D6058960D05DD3E006BFB54 /* Build configuration list for PBXNativeTarget "SoundPath" */ = {
			isa = XCConfigurationList;
			buildConfigurations = (
				1D6058940D05DD3E006BFB54 /* Debug */,
				1D6058950D05DD3E006BFB54 /* Release */,
			);
			defaultConfigurationIsVisible = 0;
			defaultConfigurationName = Release;
		};
		C01FCF4E08A954540054247B /* Build configuration list for PBXProject "SoundPath" */ = {
			isa = XCConfigurationList;
			buildConfigurations = (
				C01FCF4F08A954540054247B /* Debug */,
				C01FCF5008A954540054247B /* Release */,
			);
			defaultConfigurationIsVisible = 0;
			defaultConfigurationName = Release;
		};
/* End XCConfigurationList section */
	};
	rootObject = 29B97313FDCFA39411CA2CEA /* Project object */;
}
